<?xml version="1.0" encoding="utf-8"?>
<Project ToolsVersion="4.0" xmlns="http://schemas.microsoft.com/developer/msbuild/2003">
  <ItemGroup>
    <Filter Include="Source Files">
      <UniqueIdentifier>{4FC737F1-C7A5-4376-A066-2A32D752A2FF}</UniqueIdentifier>
      <Extensions>cpp;c;cc;cxx;def;odl;idl;hpj;bat;asm;asmx</Extensions>
    </Filter>
    <Filter Include="Header Files">
      <UniqueIdentifier>{93995380-89BD-4b04-88EB-625FBE52EBFB}</UniqueIdentifier>
      <Extensions>h;hh;hpp;hxx;hm;inl;inc;ipp;xsd</Extensions>
    </Filter>
    <Filter Include="Resource Files">
      <UniqueIdentifier>{67DA6AB6-F800-4c08-8B7A-83BB121AAD01}</UniqueIdentifier>
      <Extensions>rc;ico;cur;bmp;dlg;rc2;rct;bin;rgs;gif;jpg;jpeg;jpe;resx;tiff;tif;png;wav;mfcribbon-ms</Extensions>
    </Filter>
  </ItemGroup>
  <ItemGroup>
    <ClCompile Include="Source\Core\ChromaEngineApp.cpp">
      <Filter>Source Files</Filter>
    </ClCompile>
    <ClCompile Include="Source\Logging\Log.cpp">
      <Filter>Source Files</Filter>
    </ClCompile>
    <ClCompile Include="Source\Event\Event.cpp">
      <Filter>Source Files</Filter>
    </ClCompile>
    <ClCompile Include="Source\Event\EventDispatcher.cpp">
      <Filter>Source Files</Filter>
    </ClCompile>
    <ClCompile Include="Source\Event\ApplicationEvent\AppRenderEvent.cpp">
      <Filter>Source Files</Filter>
    </ClCompile>
    <ClCompile Include="Source\Event\ApplicationEvent\AppTickEvent.cpp">
      <Filter>Source Files</Filter>
    </ClCompile>
    <ClCompile Include="Source\Event\ApplicationEvent\AppUpdateEvent.cpp">
      <Filter>Source Files</Filter>
    </ClCompile>
    <ClCompile Include="Source\Event\ApplicationEvent\WindowCloseEvent.cpp">
      <Filter>Source Files</Filter>
    </ClCompile>
    <ClCompile Include="Source\Event\ApplicationEvent\WindowResizeEvent.cpp">
      <Filter>Source Files</Filter>
    </ClCompile>
    <ClCompile Include="Source\Event\KeyEvent\KeyPressedEvent.cpp">
      <Filter>Source Files</Filter>
    </ClCompile>
    <ClCompile Include="Source\Event\KeyEvent\KeyReleasedEvent.cpp">
      <Filter>Source Files</Filter>
    </ClCompile>
    <ClCompile Include="Source\Event\KeyEvent\KeyEvent.cpp">
      <Filter>Source Files</Filter>
    </ClCompile>
    <ClCompile Include="Source\Event\KeyEvent\KeyTypedEvent.cpp">
      <Filter>Source Files</Filter>
    </ClCompile>
    <ClCompile Include="Source\Event\MouseEvent\MouseButtonEvent.cpp">
      <Filter>Source Files</Filter>
    </ClCompile>
    <ClCompile Include="Source\Event\MouseEvent\MouseButtonPressedEvent.cpp">
      <Filter>Source Files</Filter>
    </ClCompile>
    <ClCompile Include="Source\Event\MouseEvent\MouseButtonReleasedEvent.cpp">
      <Filter>Source Files</Filter>
    </ClCompile>
    <ClCompile Include="Source\Event\MouseEvent\MouseMoveEvent.cpp">
      <Filter>Source Files</Filter>
    </ClCompile>
    <ClCompile Include="Source\Event\MouseEvent\MouseScrollEvent.cpp">
      <Filter>Source Files</Filter>
    </ClCompile>
    <ClCompile Include="Header\Event\MouseEvent\MouseCode.h">
      <Filter>Source Files</Filter>
    </ClCompile>
    <ClCompile Include="Source\Core\MSWindow.cpp">
      <Filter>Source Files</Filter>
    </ClCompile>
  </ItemGroup>
  <ItemGroup>
    <ClInclude Include="Header\Core\ChromaEngineApp.h">
      <Filter>Header Files</Filter>
    </ClInclude>
    <ClInclude Include="Header\Core\APIMacros.h">
      <Filter>Header Files</Filter>
    </ClInclude>
    <ClInclude Include="Header\Contract\Runnable.h">
      <Filter>Header Files</Filter>
    </ClInclude>
    <ClInclude Include="Header\Logging\Log.h">
      <Filter>Header Files</Filter>
    </ClInclude>
    <ClInclude Include="Header\Event\Event.h">
      <Filter>Header Files</Filter>
    </ClInclude>
    <ClInclude Include="Header\Event\EventTypes.h">
      <Filter>Header Files</Filter>
    </ClInclude>
    <ClInclude Include="Header\Event\EventDispatcher.h">
      <Filter>Header Files</Filter>
    </ClInclude>
    <ClInclude Include="Header\Event\ApplicationEvent\WindowResizeEvent.h">
      <Filter>Header Files</Filter>
    </ClInclude>
    <ClInclude Include="Header\Event\ApplicationEvent\AppRenderEvent.h">
      <Filter>Header Files</Filter>
    </ClInclude>
    <ClInclude Include="Header\Event\ApplicationEvent\AppTickEvent.h">
      <Filter>Header Files</Filter>
    </ClInclude>
    <ClInclude Include="Header\Event\ApplicationEvent\AppUpdateEvent.h">
      <Filter>Header Files</Filter>
    </ClInclude>
    <ClInclude Include="Header\Event\ApplicationEvent\WindowCloseEvent.h">
      <Filter>Header Files</Filter>
    </ClInclude>
    <ClInclude Include="Header\Event\KeyEvent\KeyEvent.h">
      <Filter>Header Files</Filter>
    </ClInclude>
    <ClInclude Include="Header\Event\KeyEvent\KeyCode.h">
      <Filter>Header Files</Filter>
    </ClInclude>
    <ClInclude Include="Header\Event\KeyEvent\KeyPressedEvent.h">
      <Filter>Header Files</Filter>
    </ClInclude>
    <ClInclude Include="Header\Event\KeyEvent\KeyReleasedEvent.h">
      <Filter>Header Files</Filter>
    </ClInclude>
    <ClInclude Include="Header\Event\KeyEvent\KeyTypedEvent.h">
      <Filter>Header Files</Filter>
    </ClInclude>
    <ClInclude Include="Header\Event\MouseEvent\MouseButtonEvent.h">
      <Filter>Header Files</Filter>
    </ClInclude>
    <ClInclude Include="Header\Event\MouseEvent\MouseButtonPressedEvent.h">
      <Filter>Header Files</Filter>
    </ClInclude>
    <ClInclude Include="Header\Event\MouseEvent\MouseButtonReleasedEvent.h">
      <Filter>Header Files</Filter>
    </ClInclude>
    <ClInclude Include="Header\Event\MouseEvent\MouseMoveEvent.h">
      <Filter>Header Files</Filter>
    </ClInclude>
    <ClInclude Include="Header\Event\MouseEvent\MouseScrollEvent.h">
      <Filter>Header Files</Filter>
    </ClInclude>
    <ClInclude Include="Header\Contract\Window.h">
      <Filter>Header Files</Filter>
    </ClInclude>
    <ClInclude Include="Header\Core\MSWindow.h">
      <Filter>Header Files</Filter>
    </ClInclude>
  </ItemGroup>
</Project>