
Microsoft Visual Studio Solution File, Format Version 12.00
# Visual Studio Version 16
VisualStudioVersion = 16.0.29215.179
MinimumVisualStudioVersion = 10.0.40219.1
Project("{8BC9CEB8-8B4A-11D0-8D11-00A0C91BC942}") = "ChromaSandbox", "ChromaSandbox\ChromaSandbox.vcxproj", "{8B38A447-CF3B-465B-80BD-780C0736720B}"
EndProject
Project("{8BC9CEB8-8B4A-11D0-8D11-00A0C91BC942}") = "ChromaEngine", "ChromaEngine\ChromaEngine.vcxproj", "{FA9280D8-5D0E-4EB3-98C5-541AEE857898}"
EndProject
Project("{2150E333-8FDC-42A3-9474-1A3956D46DE8}") = "Solution Items", "Solution Items", "{5432AAA9-535F-4604-90D5-0416ED217669}"
	ProjectSection(SolutionItems) = preProject
		Premake5.lua = Premake5.lua
	EndProjectSection
EndProject
Global
	GlobalSection(SolutionConfigurationPlatforms) = preSolution
		Debug|x64 = Debug|x64
		Debug|x86 = Debug|x86
		Release|x64 = Release|x64
		Release|x86 = Release|x86
	EndGlobalSection
	GlobalSection(ProjectConfigurationPlatforms) = postSolution
		{8B38A447-CF3B-465B-80BD-780C0736720B}.Debug|x64.ActiveCfg = Debug|x64
		{8B38A447-CF3B-465B-80BD-780C0736720B}.Debug|x64.Build.0 = Debug|x64
		{8B38A447-CF3B-465B-80BD-780C0736720B}.Debug|x86.ActiveCfg = Debug|Win32
		{8B38A447-CF3B-465B-80BD-780C0736720B}.Debug|x86.Build.0 = Debug|Win32
		{8B38A447-CF3B-465B-80BD-780C0736720B}.Release|x64.ActiveCfg = Release|x64
		{8B38A447-CF3B-465B-80BD-780C0736720B}.Release|x64.Build.0 = Release|x64
		{8B38A447-CF3B-465B-80BD-780C0736720B}.Release|x86.ActiveCfg = Release|Win32
		{8B38A447-CF3B-465B-80BD-780C0736720B}.Release|x86.Build.0 = Release|Win32
		{FA9280D8-5D0E-4EB3-98C5-541AEE857898}.Debug|x64.ActiveCfg = Debug|x64
		{FA9280D8-5D0E-4EB3-98C5-541AEE857898}.Debug|x64.Build.0 = Debug|x64
		{FA9280D8-5D0E-4EB3-98C5-541AEE857898}.Debug|x86.ActiveCfg = Debug|Win32
		{FA9280D8-5D0E-4EB3-98C5-541AEE857898}.Debug|x86.Build.0 = Debug|Win32
		{FA9280D8-5D0E-4EB3-98C5-541AEE857898}.Release|x64.ActiveCfg = Release|x64
		{FA9280D8-5D0E-4EB3-98C5-541AEE857898}.Release|x64.Build.0 = Release|x64
		{FA9280D8-5D0E-4EB3-98C5-541AEE857898}.Release|x86.ActiveCfg = Release|Win32
		{FA9280D8-5D0E-4EB3-98C5-541AEE857898}.Release|x86.Build.0 = Release|Win32
	EndGlobalSection
	GlobalSection(SolutionProperties) = preSolution
		HideSolutionNode = FALSE
	EndGlobalSection
	GlobalSection(ExtensibilityGlobals) = postSolution
		SolutionGuid = {FA9C6FE7-FFCE-40BD-A301-DDCECE1B2285}
	EndGlobalSection
EndGlobal
